
Microsoft Visual Studio Solution File, Format Version 9.00
# Visual Studio 2005
Project("{8BC9CEB8-8B4A-11D0-8D11-00A0C91BC942}") = "basic_types_test", "source\basic_types\vs2005\basic_types_test.vcproj", "{B5D4942B-41B2-40A3-9F51-707F3B290C3A}"
	ProjectSection(ProjectDependencies) = postProject
		{BE4D60DD-34AD-4F65-9C76-208DA70688C9} = {BE4D60DD-34AD-4F65-9C76-208DA70688C9}
	EndProjectSection
EndProject
Project("{8BC9CEB8-8B4A-11D0-8D11-00A0C91BC942}") = "gtest_static", "source\gtest_static\vs2005\gtest_static.vcproj", "{BE4D60DD-34AD-4F65-9C76-208DA70688C9}"
EndProject
Project("{8BC9CEB8-8B4A-11D0-8D11-00A0C91BC942}") = "stl_test", "source\stl\vs2005\stl_test.vcproj", "{B5D4942B-41B2-40A3-9F51-201808281813}"
	ProjectSection(ProjectDependencies) = postProject
		{BE4D60DD-34AD-4F65-9C76-208DA70688C9} = {BE4D60DD-34AD-4F65-9C76-208DA70688C9}
	EndProjectSection
EndProject
Global
	GlobalSection(SolutionConfigurationPlatforms) = preSolution
		Debug|Win32 = Debug|Win32
		Release|Win32 = Release|Win32
	EndGlobalSection
	GlobalSection(ProjectConfigurationPlatforms) = postSolution
		{B5D4942B-41B2-40A3-9F51-707F3B290C3A}.Debug|Win32.ActiveCfg = Debug|Win32
		{B5D4942B-41B2-40A3-9F51-707F3B290C3A}.Debug|Win32.Build.0 = Debug|Win32
		{B5D4942B-41B2-40A3-9F51-707F3B290C3A}.Release|Win32.ActiveCfg = Release|Win32
		{B5D4942B-41B2-40A3-9F51-707F3B290C3A}.Release|Win32.Build.0 = Release|Win32
		{BE4D60DD-34AD-4F65-9C76-208DA70688C9}.Debug|Win32.ActiveCfg = Debug|Win32
		{BE4D60DD-34AD-4F65-9C76-208DA70688C9}.Debug|Win32.Build.0 = Debug|Win32
		{BE4D60DD-34AD-4F65-9C76-208DA70688C9}.Release|Win32.ActiveCfg = Release|Win32
		{BE4D60DD-34AD-4F65-9C76-208DA70688C9}.Release|Win32.Build.0 = Release|Win32
		{B5D4942B-41B2-40A3-9F51-201808281813}.Debug|Win32.ActiveCfg = Debug|Win32
		{B5D4942B-41B2-40A3-9F51-201808281813}.Debug|Win32.Build.0 = Debug|Win32
		{B5D4942B-41B2-40A3-9F51-201808281813}.Release|Win32.ActiveCfg = Release|Win32
		{B5D4942B-41B2-40A3-9F51-201808281813}.Release|Win32.Build.0 = Release|Win32
	EndGlobalSection
	GlobalSection(SolutionProperties) = preSolution
		HideSolutionNode = FALSE
	EndGlobalSection
EndGlobal
