<?xml version="1.0" encoding="utf-8"?>
<Project ToolsVersion="4.0" xmlns="http://schemas.microsoft.com/developer/msbuild/2003">
  <ItemGroup>
    <Filter Include="Test">
      <UniqueIdentifier>{32b933b2-db0e-4e2f-89f9-eae1c10d01e6}</UniqueIdentifier>
    </Filter>
    <Filter Include="Generated Files">
      <UniqueIdentifier>{8be15130-e59d-4005-ace9-253970d919e6}</UniqueIdentifier>
    </Filter>
  </ItemGroup>
  <ItemGroup>
    <ClInclude Include="..\stdafx.h">
      <Filter>Generated Files</Filter>
    </ClInclude>
    <ClInclude Include="..\targetver.h">
      <Filter>Generated Files</Filter>
    </ClInclude>
  </ItemGroup>
  <ItemGroup>
    <ClCompile Include="..\stdafx.cpp">
      <Filter>Generated Files</Filter>
    </ClCompile>
    <ClCompile Include="..\bool_test.cpp">
      <Filter>Test</Filter>
    </ClCompile>
    <ClCompile Include="..\int_test.cpp">
      <Filter>Test</Filter>
    </ClCompile>
    <ClCompile Include="..\float_test.cpp">
      <Filter>Test</Filter>
    </ClCompile>
  </ItemGroup>
</Project>